// !$*UTF8*$!
{
	archiveVersion = 1;
	classes = {
	};
	objectVersion = 50;
	objects = {

/* Begin PBXBuildFile section */
		18E8E78622DCFAE400C5F5EC /* AppDelegate.swift in Sources */ = {isa = PBXBuildFile; fileRef = 18E8E78522DCFAE400C5F5EC /* AppDelegate.swift */; };
		18E8E78822DCFAE400C5F5EC /* ViewController.swift in Sources */ = {isa = PBXBuildFile; fileRef = 18E8E78722DCFAE400C5F5EC /* ViewController.swift */; };
		18E8E78B22DCFAE400C5F5EC /* Main.storyboard in Resources */ = {isa = PBXBuildFile; fileRef = 18E8E78922DCFAE400C5F5EC /* Main.storyboard */; };
		18E8E78D22DCFAE400C5F5EC /* Assets.xcassets in Resources */ = {isa = PBXBuildFile; fileRef = 18E8E78C22DCFAE400C5F5EC /* Assets.xcassets */; };
		18E8E79022DCFAE400C5F5EC /* LaunchScreen.storyboard in Resources */ = {isa = PBXBuildFile; fileRef = 18E8E78E22DCFAE400C5F5EC /* LaunchScreen.storyboard */; };
		18E8E79B22DCFAE400C5F5EC /* websitesTests.swift in Sources */ = {isa = PBXBuildFile; fileRef = 18E8E79A22DCFAE400C5F5EC /* websitesTests.swift */; };
		18E8E7A622DCFAE400C5F5EC /* websitesUITests.swift in Sources */ = {isa = PBXBuildFile; fileRef = 18E8E7A522DCFAE400C5F5EC /* websitesUITests.swift */; };
/* End PBXBuildFile section */

/* Begin PBXContainerItemProxy section */
		18E8E79722DCFAE400C5F5EC /* PBXContainerItemProxy */ = {
			isa = PBXContainerItemProxy;
			containerPortal = 18E8E77A22DCFAE400C5F5EC /* Project object */;
			proxyType = 1;
			remoteGlobalIDString = 18E8E78122DCFAE400C5F5EC;
			remoteInfo = websites;
		};
		18E8E7A222DCFAE400C5F5EC /* PBXContainerItemProxy */ = {
			isa = PBXContainerItemProxy;
			containerPortal = 18E8E77A22DCFAE400C5F5EC /* Project object */;
			proxyType = 1;
			remoteGlobalIDString = 18E8E78122DCFAE400C5F5EC;
			remoteInfo = websites;
		};
/* End PBXContainerItemProxy section */

/* Begin PBXFileReference section */
		18E8E78222DCFAE400C5F5EC /* websites.app */ = {isa = PBXFileReference; explicitFileType = wrapper.application; includeInIndex = 0; path = websites.app; sourceTree = BUILT_PRODUCTS_DIR; };
		18E8E78522DCFAE400C5F5EC /* AppDelegate.swift */ = {isa = PBXFileReference; lastKnownFileType = sourcecode.swift; path = AppDelegate.swift; sourceTree = "<group>"; };
		18E8E78722DCFAE400C5F5EC /* ViewController.swift */ = {isa = PBXFileReference; lastKnownFileType = sourcecode.swift; path = ViewController.swift; sourceTree = "<group>"; };
		18E8E78A22DCFAE400C5F5EC /* Base */ = {isa = PBXFileReference; lastKnownFileType = file.storyboard; name = Base; path = Base.lproj/Main.storyboard; sourceTree = "<group>"; };
		18E8E78C22DCFAE400C5F5EC /* Assets.xcassets */ = {isa = PBXFileReference; lastKnownFileType = folder.assetcatalog; path = Assets.xcassets; sourceTree = "<group>"; };
		18E8E78F22DCFAE400C5F5EC /* Base */ = {isa = PBXFileReference; lastKnownFileType = file.storyboard; name = Base; path = Base.lproj/LaunchScreen.storyboard; sourceTree = "<group>"; };
		18E8E79122DCFAE400C5F5EC /* Info.plist */ = {isa = PBXFileReference; lastKnownFileType = text.plist.xml; path = Info.plist; sourceTree = "<group>"; };
		18E8E79622DCFAE400C5F5EC /* websitesTests.xctest */ = {isa = PBXFileReference; explicitFileType = wrapper.cfbundle; includeInIndex = 0; path = websitesTests.xctest; sourceTree = BUILT_PRODUCTS_DIR; };
		18E8E79A22DCFAE400C5F5EC /* websitesTests.swift */ = {isa = PBXFileReference; lastKnownFileType = sourcecode.swift; path = websitesTests.swift; sourceTree = "<group>"; };
		18E8E79C22DCFAE400C5F5EC /* Info.plist */ = {isa = PBXFileReference; lastKnownFileType = text.plist.xml; path = Info.plist; sourceTree = "<group>"; };
		18E8E7A122DCFAE400C5F5EC /* websitesUITests.xctest */ = {isa = PBXFileReference; explicitFileType = wrapper.cfbundle; includeInIndex = 0; path = websitesUITests.xctest; sourceTree = BUILT_PRODUCTS_DIR; };
		18E8E7A522DCFAE400C5F5EC /* websitesUITests.swift */ = {isa = PBXFileReference; lastKnownFileType = sourcecode.swift; path = websitesUITests.swift; sourceTree = "<group>"; };
		18E8E7A722DCFAE400C5F5EC /* Info.plist */ = {isa = PBXFileReference; lastKnownFileType = text.plist.xml; path = Info.plist; sourceTree = "<group>"; };
/* End PBXFileReference section */

/* Begin PBXFrameworksBuildPhase section */
		18E8E77F22DCFAE400C5F5EC /* Frameworks */ = {
			isa = PBXFrameworksBuildPhase;
			buildActionMask = 2147483647;
			files = (
			);
			runOnlyForDeploymentPostprocessing = 0;
		};
		18E8E79322DCFAE400C5F5EC /* Frameworks */ = {
			isa = PBXFrameworksBuildPhase;
			buildActionMask = 2147483647;
			files = (
			);
			runOnlyForDeploymentPostprocessing = 0;
		};
		18E8E79E22DCFAE400C5F5EC /* Frameworks */ = {
			isa = PBXFrameworksBuildPhase;
			buildActionMask = 2147483647;
			files = (
			);
			runOnlyForDeploymentPostprocessing = 0;
		};
/* End PBXFrameworksBuildPhase section */

/* Begin PBXGroup section */
		18E8E77922DCFAE400C5F5EC = {
			isa = PBXGroup;
			children = (
				18E8E78422DCFAE400C5F5EC /* websites */,
				18E8E79922DCFAE400C5F5EC /* websitesTests */,
				18E8E7A422DCFAE400C5F5EC /* websitesUITests */,
				18E8E78322DCFAE400C5F5EC /* Products */,
			);
			sourceTree = "<group>";
		};
		18E8E78322DCFAE400C5F5EC /* Products */ = {
			isa = PBXGroup;
			children = (
				18E8E78222DCFAE400C5F5EC /* websites.app */,
				18E8E79622DCFAE400C5F5EC /* websitesTests.xctest */,
				18E8E7A122DCFAE400C5F5EC /* websitesUITests.xctest */,
			);
			name = Products;
			sourceTree = "<group>";
		};
		18E8E78422DCFAE400C5F5EC /* websites */ = {
			isa = PBXGroup;
			children = (
				18E8E78522DCFAE400C5F5EC /* AppDelegate.swift */,
				18E8E78722DCFAE400C5F5EC /* ViewController.swift */,
				18E8E78922DCFAE400C5F5EC /* Main.storyboard */,
				18E8E78C22DCFAE400C5F5EC /* Assets.xcassets */,
				18E8E78E22DCFAE400C5F5EC /* LaunchScreen.storyboard */,
				18E8E79122DCFAE400C5F5EC /* Info.plist */,
			);
			path = websites;
			sourceTree = "<group>";
		};
		18E8E79922DCFAE400C5F5EC /* websitesTests */ = {
			isa = PBXGroup;
			children = (
				18E8E79A22DCFAE400C5F5EC /* websitesTests.swift */,
				18E8E79C22DCFAE400C5F5EC /* Info.plist */,
			);
			path = websitesTests;
			sourceTree = "<group>";
		};
		18E8E7A422DCFAE400C5F5EC /* websitesUITests */ = {
			isa = PBXGroup;
			children = (
				18E8E7A522DCFAE400C5F5EC /* websitesUITests.swift */,
				18E8E7A722DCFAE400C5F5EC /* Info.plist */,
			);
			path = websitesUITests;
			sourceTree = "<group>";
		};
/* End PBXGroup section */

/* Begin PBXNativeTarget section */
		18E8E78122DCFAE400C5F5EC /* websites */ = {
			isa = PBXNativeTarget;
			buildConfigurationList = 18E8E7AA22DCFAE400C5F5EC /* Build configuration list for PBXNativeTarget "websites" */;
			buildPhases = (
				18E8E77E22DCFAE400C5F5EC /* Sources */,
				18E8E77F22DCFAE400C5F5EC /* Frameworks */,
				18E8E78022DCFAE400C5F5EC /* Resources */,
			);
			buildRules = (
			);
			dependencies = (
			);
			name = websites;
			productName = websites;
			productReference = 18E8E78222DCFAE400C5F5EC /* websites.app */;
			productType = "com.apple.product-type.application";
		};
		18E8E79522DCFAE400C5F5EC /* websitesTests */ = {
			isa = PBXNativeTarget;
			buildConfigurationList = 18E8E7AD22DCFAE400C5F5EC /* Build configuration list for PBXNativeTarget "websitesTests" */;
			buildPhases = (
				18E8E79222DCFAE400C5F5EC /* Sources */,
				18E8E79322DCFAE400C5F5EC /* Frameworks */,
				18E8E79422DCFAE400C5F5EC /* Resources */,
			);
			buildRules = (
			);
			dependencies = (
				18E8E79822DCFAE400C5F5EC /* PBXTargetDependency */,
			);
			name = websitesTests;
			productName = websitesTests;
			productReference = 18E8E79622DCFAE400C5F5EC /* websitesTests.xctest */;
			productType = "com.apple.product-type.bundle.unit-test";
		};
		18E8E7A022DCFAE400C5F5EC /* websitesUITests */ = {
			isa = PBXNativeTarget;
			buildConfigurationList = 18E8E7B022DCFAE400C5F5EC /* Build configuration list for PBXNativeTarget "websitesUITests" */;
			buildPhases = (
				18E8E79D22DCFAE400C5F5EC /* Sources */,
				18E8E79E22DCFAE400C5F5EC /* Frameworks */,
				18E8E79F22DCFAE400C5F5EC /* Resources */,
			);
			buildRules = (
			);
			dependencies = (
				18E8E7A322DCFAE400C5F5EC /* PBXTargetDependency */,
			);
			name = websitesUITests;
			productName = websitesUITests;
			productReference = 18E8E7A122DCFAE400C5F5EC /* websitesUITests.xctest */;
			productType = "com.apple.product-type.bundle.ui-testing";
		};
/* End PBXNativeTarget section */

/* Begin PBXProject section */
		18E8E77A22DCFAE400C5F5EC /* Project object */ = {
			isa = PBXProject;
			attributes = {
				LastSwiftUpdateCheck = 1020;
				LastUpgradeCheck = 1020;
				ORGANIZATIONNAME = Apple;
				TargetAttributes = {
					18E8E78122DCFAE400C5F5EC = {
						CreatedOnToolsVersion = 10.2.1;
					};
					18E8E79522DCFAE400C5F5EC = {
						CreatedOnToolsVersion = 10.2.1;
						TestTargetID = 18E8E78122DCFAE400C5F5EC;
					};
					18E8E7A022DCFAE400C5F5EC = {
						CreatedOnToolsVersion = 10.2.1;
						TestTargetID = 18E8E78122DCFAE400C5F5EC;
					};
				};
			};
			buildConfigurationList = 18E8E77D22DCFAE400C5F5EC /* Build configuration list for PBXProject "websites" */;
			compatibilityVersion = "Xcode 9.3";
			developmentRegion = en;
			hasScannedForEncodings = 0;
			knownRegions = (
				en,
				Base,
			);
			mainGroup = 18E8E77922DCFAE400C5F5EC;
			productRefGroup = 18E8E78322DCFAE400C5F5EC /* Products */;
			projectDirPath = "";
			projectRoot = "";
			targets = (
				18E8E78122DCFAE400C5F5EC /* websites */,
				18E8E79522DCFAE400C5F5EC /* websitesTests */,
				18E8E7A022DCFAE400C5F5EC /* websitesUITests */,
			);
		};
/* End PBXProject section */

/* Begin PBXResourcesBuildPhase section */
		18E8E78022DCFAE400C5F5EC /* Resources */ = {
			isa = PBXResourcesBuildPhase;
			buildActionMask = 2147483647;
			files = (
				18E8E79022DCFAE400C5F5EC /* LaunchScreen.storyboard in Resources */,
				18E8E78D22DCFAE400C5F5EC /* Assets.xcassets in Resources */,
				18E8E78B22DCFAE400C5F5EC /* Main.storyboard in Resources */,
			);
			runOnlyForDeploymentPostprocessing = 0;
		};
		18E8E79422DCFAE400C5F5EC /* Resources */ = {
			isa = PBXResourcesBuildPhase;
			buildActionMask = 2147483647;
			files = (
			);
			runOnlyForDeploymentPostprocessing = 0;
		};
		18E8E79F22DCFAE400C5F5EC /* Resources */ = {
			isa = PBXResourcesBuildPhase;
			buildActionMask = 2147483647;
			files = (
			);
			runOnlyForDeploymentPostprocessing = 0;
		};
/* End PBXResourcesBuildPhase section */

/* Begin PBXSourcesBuildPhase section */
		18E8E77E22DCFAE400C5F5EC /* Sources */ = {
			isa = PBXSourcesBuildPhase;
			buildActionMask = 2147483647;
			files = (
				18E8E78822DCFAE400C5F5EC /* ViewController.swift in Sources */,
				18E8E78622DCFAE400C5F5EC /* AppDelegate.swift in Sources */,
			);
			runOnlyForDeploymentPostprocessing = 0;
		};
		18E8E79222DCFAE400C5F5EC /* Sources */ = {
			isa = PBXSourcesBuildPhase;
			buildActionMask = 2147483647;
			files = (
				18E8E79B22DCFAE400C5F5EC /* websitesTests.swift in Sources */,
			);
			runOnlyForDeploymentPostprocessing = 0;
		};
		18E8E79D22DCFAE400C5F5EC /* Sources */ = {
			isa = PBXSourcesBuildPhase;
			buildActionMask = 2147483647;
			files = (
				18E8E7A622DCFAE400C5F5EC /* websitesUITests.swift in Sources */,
			);
			runOnlyForDeploymentPostprocessing = 0;
		};
/* End PBXSourcesBuildPhase section */

/* Begin PBXTargetDependency section */
		18E8E79822DCFAE400C5F5EC /* PBXTargetDependency */ = {
			isa = PBXTargetDependency;
			target = 18E8E78122DCFAE400C5F5EC /* websites */;
			targetProxy = 18E8E79722DCFAE400C5F5EC /* PBXContainerItemProxy */;
		};
		18E8E7A322DCFAE400C5F5EC /* PBXTargetDependency */ = {
			isa = PBXTargetDependency;
			target = 18E8E78122DCFAE400C5F5EC /* websites */;
			targetProxy = 18E8E7A222DCFAE400C5F5EC /* PBXContainerItemProxy */;
		};
/* End PBXTargetDependency section */

/* Begin PBXVariantGroup section */
		18E8E78922DCFAE400C5F5EC /* Main.storyboard */ = {
			isa = PBXVariantGroup;
			children = (
				18E8E78A22DCFAE400C5F5EC /* Base */,
			);
			name = Main.storyboard;
			sourceTree = "<group>";
		};
		18E8E78E22DCFAE400C5F5EC /* LaunchScreen.storyboard */ = {
			isa = PBXVariantGroup;
			children = (
				18E8E78F22DCFAE400C5F5EC /* Base */,
			);
			name = LaunchScreen.storyboard;
			sourceTree = "<group>";
		};
/* End PBXVariantGroup section */

/* Begin XCBuildConfiguration section */
		18E8E7A822DCFAE400C5F5EC /* Debug */ = {
			isa = XCBuildConfiguration;
			buildSettings = {
				ALWAYS_SEARCH_USER_PATHS = NO;
				CLANG_ANALYZER_NONNULL = YES;
				CLANG_ANALYZER_NUMBER_OBJECT_CONVERSION = YES_AGGRESSIVE;
				CLANG_CXX_LANGUAGE_STANDARD = "gnu++14";
				CLANG_CXX_LIBRARY = "libc++";
				CLANG_ENABLE_MODULES = YES;
				CLANG_ENABLE_OBJC_ARC = YES;
				CLANG_ENABLE_OBJC_WEAK = YES;
				CLANG_WARN_BLOCK_CAPTURE_AUTORELEASING = YES;
				CLANG_WARN_BOOL_CONVERSION = YES;
				CLANG_WARN_COMMA = YES;
				CLANG_WARN_CONSTANT_CONVERSION = YES;
				CLANG_WARN_DEPRECATED_OBJC_IMPLEMENTATIONS = YES;
				CLANG_WARN_DIRECT_OBJC_ISA_USAGE = YES_ERROR;
				CLANG_WARN_DOCUMENTATION_COMMENTS = YES;
				CLANG_WARN_EMPTY_BODY = YES;
				CLANG_WARN_ENUM_CONVERSION = YES;
				CLANG_WARN_INFINITE_RECURSION = YES;
				CLANG_WARN_INT_CONVERSION = YES;
				CLANG_WARN_NON_LITERAL_NULL_CONVERSION = YES;
				CLANG_WARN_OBJC_IMPLICIT_RETAIN_SELF = YES;
				CLANG_WARN_OBJC_LITERAL_CONVERSION = YES;
				CLANG_WARN_OBJC_ROOT_CLASS = YES_ERROR;
				CLANG_WARN_RANGE_LOOP_ANALYSIS = YES;
				CLANG_WARN_STRICT_PROTOTYPES = YES;
				CLANG_WARN_SUSPICIOUS_MOVE = YES;
				CLANG_WARN_UNGUARDED_AVAILABILITY = YES_AGGRESSIVE;
				CLANG_WARN_UNREACHABLE_CODE = YES;
				CLANG_WARN__DUPLICATE_METHOD_MATCH = YES;
				CODE_SIGN_IDENTITY = "iPhone Developer";
				COPY_PHASE_STRIP = NO;
				DEBUG_INFORMATION_FORMAT = dwarf;
				ENABLE_STRICT_OBJC_MSGSEND = YES;
				ENABLE_TESTABILITY = YES;
				GCC_C_LANGUAGE_STANDARD = gnu11;
				GCC_DYNAMIC_NO_PIC = NO;
				GCC_NO_COMMON_BLOCKS = YES;
				GCC_OPTIMIZATION_LEVEL = 0;
				GCC_PREPROCESSOR_DEFINITIONS = (
					"DEBUG=1",
					"$(inherited)",
				);
				GCC_WARN_64_TO_32_BIT_CONVERSION = YES;
				GCC_WARN_ABOUT_RETURN_TYPE = YES_ERROR;
				GCC_WARN_UNDECLARED_SELECTOR = YES;
				GCC_WARN_UNINITIALIZED_AUTOS = YES_AGGRESSIVE;
				GCC_WARN_UNUSED_FUNCTION = YES;
				GCC_WARN_UNUSED_VARIABLE = YES;
				IPHONEOS_DEPLOYMENT_TARGET = 12.2;
				MTL_ENABLE_DEBUG_INFO = INCLUDE_SOURCE;
				MTL_FAST_MATH = YES;
				ONLY_ACTIVE_ARCH = YES;
				SDKROOT = iphoneos;
				SWIFT_ACTIVE_COMPILATION_CONDITIONS = DEBUG;
				SWIFT_OPTIMIZATION_LEVEL = "-Onone";
			};
			name = Debug;
		};
		18E8E7A922DCFAE400C5F5EC /* Release */ = {
			isa = XCBuildConfiguration;
			buildSettings = {
				ALWAYS_SEARCH_USER_PATHS = NO;
				CLANG_ANALYZER_NONNULL = YES;
				CLANG_ANALYZER_NUMBER_OBJECT_CONVERSION = YES_AGGRESSIVE;
				CLANG_CXX_LANGUAGE_STANDARD = "gnu++14";
				CLANG_CXX_LIBRARY = "libc++";
				CLANG_ENABLE_MODULES = YES;
				CLANG_ENABLE_OBJC_ARC = YES;
				CLANG_ENABLE_OBJC_WEAK = YES;
				CLANG_WARN_BLOCK_CAPTURE_AUTORELEASING = YES;
				CLANG_WARN_BOOL_CONVERSION = YES;
				CLANG_WARN_COMMA = YES;
				CLANG_WARN_CONSTANT_CONVERSION = YES;
				CLANG_WARN_DEPRECATED_OBJC_IMPLEMENTATIONS = YES;
				CLANG_WARN_DIRECT_OBJC_ISA_USAGE = YES_ERROR;
				CLANG_WARN_DOCUMENTATION_COMMENTS = YES;
				CLANG_WARN_EMPTY_BODY = YES;
				CLANG_WARN_ENUM_CONVERSION = YES;
				CLANG_WARN_INFINITE_RECURSION = YES;
				CLANG_WARN_INT_CONVERSION = YES;
				CLANG_WARN_NON_LITERAL_NULL_CONVERSION = YES;
				CLANG_WARN_OBJC_IMPLICIT_RETAIN_SELF = YES;
				CLANG_WARN_OBJC_LITERAL_CONVERSION = YES;
				CLANG_WARN_OBJC_ROOT_CLASS = YES_ERROR;
				CLANG_WARN_RANGE_LOOP_ANALYSIS = YES;
				CLANG_WARN_STRICT_PROTOTYPES = YES;
				CLANG_WARN_SUSPICIOUS_MOVE = YES;
				CLANG_WARN_UNGUARDED_AVAILABILITY = YES_AGGRESSIVE;
				CLANG_WARN_UNREACHABLE_CODE = YES;
				CLANG_WARN__DUPLICATE_METHOD_MATCH = YES;
				CODE_SIGN_IDENTITY = "iPhone Developer";
				COPY_PHASE_STRIP = NO;
				DEBUG_INFORMATION_FORMAT = "dwarf-with-dsym";
				ENABLE_NS_ASSERTIONS = NO;
				ENABLE_STRICT_OBJC_MSGSEND = YES;
				GCC_C_LANGUAGE_STANDARD = gnu11;
				GCC_NO_COMMON_BLOCKS = YES;
				GCC_WARN_64_TO_32_BIT_CONVERSION = YES;
				GCC_WARN_ABOUT_RETURN_TYPE = YES_ERROR;
				GCC_WARN_UNDECLARED_SELECTOR = YES;
				GCC_WARN_UNINITIALIZED_AUTOS = YES_AGGRESSIVE;
				GCC_WARN_UNUSED_FUNCTION = YES;
				GCC_WARN_UNUSED_VARIABLE = YES;
				IPHONEOS_DEPLOYMENT_TARGET = 12.2;
				MTL_ENABLE_DEBUG_INFO = NO;
				MTL_FAST_MATH = YES;
				SDKROOT = iphoneos;
				SWIFT_COMPILATION_MODE = wholemodule;
				SWIFT_OPTIMIZATION_LEVEL = "-O";
				VALIDATE_PRODUCT = YES;
			};
			name = Release;
		};
		18E8E7AB22DCFAE400C5F5EC /* Debug */ = {
			isa = XCBuildConfiguration;
			buildSettings = {
				ASSETCATALOG_COMPILER_APPICON_NAME = AppIcon;
				CODE_SIGN_STYLE = Automatic;
				INFOPLIST_FILE = websites/Info.plist;
				LD_RUNPATH_SEARCH_PATHS = (
					"$(inherited)",
					"@executable_path/Frameworks",
				);
				PRODUCT_BUNDLE_IDENTIFIER = Cady.websites;
				PRODUCT_NAME = "$(TARGET_NAME)";
				SWIFT_VERSION = 5.0;
				TARGETED_DEVICE_FAMILY = "1,2";
			};
			name = Debug;
		};
		18E8E7AC22DCFAE400C5F5EC /* Release */ = {
			isa = XCBuildConfiguration;
			buildSettings = {
				ASSETCATALOG_COMPILER_APPICON_NAME = AppIcon;
				CODE_SIGN_STYLE = Automatic;
				INFOPLIST_FILE = websites/Info.plist;
				LD_RUNPATH_SEARCH_PATHS = (
					"$(inherited)",
					"@executable_path/Frameworks",
				);
				PRODUCT_BUNDLE_IDENTIFIER = Cady.websites;
				PRODUCT_NAME = "$(TARGET_NAME)";
				SWIFT_VERSION = 5.0;
				TARGETED_DEVICE_FAMILY = "1,2";
			};
			name = Release;
		};
		18E8E7AE22DCFAE400C5F5EC /* Debug */ = {
			isa = XCBuildConfiguration;
			buildSettings = {
				ALWAYS_EMBED_SWIFT_STANDARD_LIBRARIES = YES;
				BUNDLE_LOADER = "$(TEST_HOST)";
				CODE_SIGN_STYLE = Automatic;
				INFOPLIST_FILE = websitesTests/Info.plist;
				LD_RUNPATH_SEARCH_PATHS = (
					"$(inherited)",
					"@executable_path/Frameworks",
					"@loader_path/Frameworks",
				);
				PRODUCT_BUNDLE_IDENTIFIER = Cady.websitesTests;
				PRODUCT_NAME = "$(TARGET_NAME)";
				SWIFT_VERSION = 5.0;
				TARGETED_DEVICE_FAMILY = "1,2";
				TEST_HOST = "$(BUILT_PRODUCTS_DIR)/websites.app/websites";
			};
			name = Debug;
		};
		18E8E7AF22DCFAE400C5F5EC /* Release */ = {
			isa = XCBuildConfiguration;
			buildSettings = {
				ALWAYS_EMBED_SWIFT_STANDARD_LIBRARIES = YES;
				BUNDLE_LOADER = "$(TEST_HOST)";
				CODE_SIGN_STYLE = Automatic;
				INFOPLIST_FILE = websitesTests/Info.plist;
				LD_RUNPATH_SEARCH_PATHS = (
					"$(inherited)",
					"@executable_path/Frameworks",
					"@loader_path/Frameworks",
				);
				PRODUCT_BUNDLE_IDENTIFIER = Cady.websitesTests;
				PRODUCT_NAME = "$(TARGET_NAME)";
				SWIFT_VERSION = 5.0;
				TARGETED_DEVICE_FAMILY = "1,2";
				TEST_HOST = "$(BUILT_PRODUCTS_DIR)/websites.app/websites";
			};
			name = Release;
		};
		18E8E7B122DCFAE400C5F5EC /* Debug */ = {
			isa = XCBuildConfiguration;
			buildSettings = {
				ALWAYS_EMBED_SWIFT_STANDARD_LIBRARIES = YES;
				CODE_SIGN_STYLE = Automatic;
				INFOPLIST_FILE = websitesUITests/Info.plist;
				LD_RUNPATH_SEARCH_PATHS = (
					"$(inherited)",
					"@executable_path/Frameworks",
					"@loader_path/Frameworks",
				);
				PRODUCT_BUNDLE_IDENTIFIER = Cady.websitesUITests;
				PRODUCT_NAME = "$(TARGET_NAME)";
				SWIFT_VERSION = 5.0;
				TARGETED_DEVICE_FAMILY = "1,2";
				TEST_TARGET_NAME = websites;
			};
			name = Debug;
		};
		18E8E7B222DCFAE400C5F5EC /* Release */ = {
			isa = XCBuildConfiguration;
			buildSettings = {
				ALWAYS_EMBED_SWIFT_STANDARD_LIBRARIES = YES;
				CODE_SIGN_STYLE = Automatic;
				INFOPLIST_FILE = websitesUITests/Info.plist;
				LD_RUNPATH_SEARCH_PATHS = (
					"$(inherited)",
					"@executable_path/Frameworks",
					"@loader_path/Frameworks",
				);
				PRODUCT_BUNDLE_IDENTIFIER = Cady.websitesUITests;
				PRODUCT_NAME = "$(TARGET_NAME)";
				SWIFT_VERSION = 5.0;
				TARGETED_DEVICE_FAMILY = "1,2";
				TEST_TARGET_NAME = websites;
			};
			name = Release;
		};
/* End XCBuildConfiguration section */

/* Begin XCConfigurationList section */
		18E8E77D22DCFAE400C5F5EC /* Build configuration list for PBXProject "websites" */ = {
			isa = XCConfigurationList;
			buildConfigurations = (
				18E8E7A822DCFAE400C5F5EC /* Debug */,
				18E8E7A922DCFAE400C5F5EC /* Release */,
			);
			defaultConfigurationIsVisible = 0;
			defaultConfigurationName = Release;
		};
		18E8E7AA22DCFAE400C5F5EC /* Build configuration list for PBXNativeTarget "websites" */ = {
			isa = XCConfigurationList;
			buildConfigurations = (
				18E8E7AB22DCFAE400C5F5EC /* Debug */,
				18E8E7AC22DCFAE400C5F5EC /* Release */,
			);
			defaultConfigurationIsVisible = 0;
			defaultConfigurationName = Release;
		};
		18E8E7AD22DCFAE400C5F5EC /* Build configuration list for PBXNativeTarget "websitesTests" */ = {
			isa = XCConfigurationList;
			buildConfigurations = (
				18E8E7AE22DCFAE400C5F5EC /* Debug */,
				18E8E7AF22DCFAE400C5F5EC /* Release */,
			);
			defaultConfigurationIsVisible = 0;
			defaultConfigurationName = Release;
		};
		18E8E7B022DCFAE400C5F5EC /* Build configuration list for PBXNativeTarget "websitesUITests" */ = {
			isa = XCConfigurationList;
			buildConfigurations = (
				18E8E7B122DCFAE400C5F5EC /* Debug */,
				18E8E7B222DCFAE400C5F5EC /* Release */,
			);
			defaultConfigurationIsVisible = 0;
			defaultConfigurationName = Release;
		};
/* End XCConfigurationList section */
	};
	rootObject = 18E8E77A22DCFAE400C5F5EC /* Project object */;
}
